
Microsoft Visual Studio Solution File, Format Version 12.00
# Visual Studio Version 17
VisualStudioVersion = 17.0.31903.59
MinimumVisualStudioVersion = 10.0.40219.1
Project("{2150E333-8FDC-42A3-9474-1A3956D46DE8}") = "MieiProgetti", "MieiProgetti", "{460B56A9-B33A-483E-B581-4F501371468B}"
EndProject
Project("{FAE04EC0-301F-11D3-BF4B-00C04F79EFBC}") = "FotoGalleryRazorId", "MieiProgetti\FotoGalleryRazorId\FotoGalleryRazorId.csproj", "{3D54B72D-A256-4504-90D1-64DC1DA5FB1A}"
EndProject
Project("{FAE04EC0-301F-11D3-BF4B-00C04F79EFBC}") = "Beta_testing", "Beta_testing\Beta_testing.csproj", "{FF235DC2-562A-4032-AD6D-ACC784CF837C}"
EndProject
Project("{FAE04EC0-301F-11D3-BF4B-00C04F79EFBC}") = "Esercitazioni-Csharp", "Esercitazioni-Csharp\Esercitazioni-Csharp.csproj", "{1189DF7E-9771-49DF-975A-79D92FEBC78D}"
EndProject
Project("{2150E333-8FDC-42A3-9474-1A3956D46DE8}") = "Esercitazioni-EntityFramework", "Esercitazioni-EntityFramework", "{A2C2018D-1BE5-4266-86E0-9DA894AB428A}"
EndProject
Project("{FAE04EC0-301F-11D3-BF4B-00C04F79EFBC}") = "Progetto1", "Esercitazioni-EntityFramework\Progetto1\Progetto1.csproj", "{77548116-147D-4F90-8D5C-1D72F1B39B1A}"
EndProject
Project("{2150E333-8FDC-42A3-9474-1A3956D46DE8}") = "Esercitazioni-IdentityFramework", "Esercitazioni-IdentityFramework", "{F2BD8CEA-C521-478A-A451-269AFFD242D9}"
EndProject
Project("{FAE04EC0-301F-11D3-BF4B-00C04F79EFBC}") = "MvcAuthApp", "Esercitazioni-IdentityFramework\MvcAuthApp\MvcAuthApp.csproj", "{5A5B6A47-0EA9-41DA-B673-BDBF99A5F74E}"
EndProject
Project("{FAE04EC0-301F-11D3-BF4B-00C04F79EFBC}") = "MvcPRogetto2", "Esercitazioni-IdentityFramework\MvcPRogetto2\MvcPRogetto2.csproj", "{CABC5BD4-C38F-4BB0-8E2C-72192EBE5DBB}"
EndProject
Project("{2150E333-8FDC-42A3-9474-1A3956D46DE8}") = "Esercitazioni-MVC", "Esercitazioni-MVC", "{704A16A2-162B-4EF9-A148-BB546DA86409}"
EndProject
Project("{FAE04EC0-301F-11D3-BF4B-00C04F79EFBC}") = "MvcConsole", "Esercitazioni-MVC\MvcConsole\MvcConsole.csproj", "{1A44296C-D84B-4494-A626-344DD413B956}"
EndProject
Project("{2150E333-8FDC-42A3-9474-1A3956D46DE8}") = "Esercitazioni-Razor", "Esercitazioni-Razor", "{B61D1334-0FC8-4F24-AE64-CFD0014F59C1}"
EndProject
Project("{FAE04EC0-301F-11D3-BF4B-00C04F79EFBC}") = "WebAppPersone", "Esercitazioni-Razor\WebAppPersone\WebAppPersone.csproj", "{48E354DF-E44F-44F2-8031-72BDE6CA5E58}"
EndProject
Project("{FAE04EC0-301F-11D3-BF4B-00C04F79EFBC}") = "WebAppProdotti", "Esercitazioni-Razor\WebAppProdotti\WebAppProdotti.csproj", "{36A9550B-FEF0-49F2-929B-C2C5719AABA5}"
EndProject
Project("{FAE04EC0-301F-11D3-BF4B-00C04F79EFBC}") = "FoodexpMvc", "MieiProgetti\FoodexpMvc\FoodexpMvc.csproj", "{DB2C14FD-4555-4A79-BAFC-50890ADB8238}"
EndProject
Project("{FAE04EC0-301F-11D3-BF4B-00C04F79EFBC}") = "FoodexpRazor", "MieiProgetti\FoodexpRazor\FoodexpRazor.csproj", "{7F7CE166-C4BA-4853-A162-BA52295DF855}"
EndProject
Project("{FAE04EC0-301F-11D3-BF4B-00C04F79EFBC}") = "IndovinaIlNumero", "MieiProgetti\IndovinaIlNumero\IndovinaIlNumero.csproj", "{24CDEE95-BAD8-4FAE-B50A-FB2D814A35E3}"
EndProject
Project("{FAE04EC0-301F-11D3-BF4B-00C04F79EFBC}") = "IndovinaIlNumeroClassi", "MieiProgetti\IndovinaIlNumeroClassi\IndovinaIlNumeroClassi.csproj", "{EF1DEEBA-9C14-4D9B-ACC0-F96418D94FF8}"
EndProject
Project("{FAE04EC0-301F-11D3-BF4B-00C04F79EFBC}") = "MiniRisiko", "MieiProgetti\MiniRisiko\MiniRisiko.csproj", "{AB7D8E08-4FD8-409C-8CC0-DBE883D3B67F}"
EndProject
Project("{FAE04EC0-301F-11D3-BF4B-00C04F79EFBC}") = "Progetto1", "MieiProgetti\ProgettoDb1\Progetto1.csproj", "{F1E9E701-0E17-4D18-9D56-9B67453638FF}"
EndProject
Project("{FAE04EC0-301F-11D3-BF4B-00C04F79EFBC}") = "Progetto2", "MieiProgetti\ProgettoDb2\Progetto2.csproj", "{D470AAA7-E8D8-4C8D-8C4F-7F1D79B930C7}"
EndProject
Project("{FAE04EC0-301F-11D3-BF4B-00C04F79EFBC}") = "TracciaAlimentiFrigorifero", "MieiProgetti\TracciaAlimentiFrigorifero\TracciaAlimentiFrigorifero.csproj", "{D2F7550B-F767-40FC-B101-EB2493EC383E}"
EndProject
Project("{2150E333-8FDC-42A3-9474-1A3956D46DE8}") = "ProgettiDiGruppo", "ProgettiDiGruppo", "{DEAB777E-8F83-4617-9E8F-2D2AC39C2013}"
EndProject
Project("{FAE04EC0-301F-11D3-BF4B-00C04F79EFBC}") = "FotoGalleryRazor", "ProgettiDiGruppo\FotoGalleryRazor\FotoGalleryRazor.csproj", "{99826A1D-A43C-4059-981D-BD5A1EA1B225}"
EndProject
Global
	GlobalSection(SolutionConfigurationPlatforms) = preSolution
		Debug|Any CPU = Debug|Any CPU
		Release|Any CPU = Release|Any CPU
	EndGlobalSection
	GlobalSection(SolutionProperties) = preSolution
		HideSolutionNode = FALSE
	EndGlobalSection
	GlobalSection(ProjectConfigurationPlatforms) = postSolution
		{3D54B72D-A256-4504-90D1-64DC1DA5FB1A}.Debug|Any CPU.ActiveCfg = Debug|Any CPU
		{3D54B72D-A256-4504-90D1-64DC1DA5FB1A}.Debug|Any CPU.Build.0 = Debug|Any CPU
		{3D54B72D-A256-4504-90D1-64DC1DA5FB1A}.Release|Any CPU.ActiveCfg = Release|Any CPU
		{3D54B72D-A256-4504-90D1-64DC1DA5FB1A}.Release|Any CPU.Build.0 = Release|Any CPU
		{FF235DC2-562A-4032-AD6D-ACC784CF837C}.Debug|Any CPU.ActiveCfg = Debug|Any CPU
		{FF235DC2-562A-4032-AD6D-ACC784CF837C}.Debug|Any CPU.Build.0 = Debug|Any CPU
		{FF235DC2-562A-4032-AD6D-ACC784CF837C}.Release|Any CPU.ActiveCfg = Release|Any CPU
		{FF235DC2-562A-4032-AD6D-ACC784CF837C}.Release|Any CPU.Build.0 = Release|Any CPU
		{1189DF7E-9771-49DF-975A-79D92FEBC78D}.Debug|Any CPU.ActiveCfg = Debug|Any CPU
		{1189DF7E-9771-49DF-975A-79D92FEBC78D}.Debug|Any CPU.Build.0 = Debug|Any CPU
		{1189DF7E-9771-49DF-975A-79D92FEBC78D}.Release|Any CPU.ActiveCfg = Release|Any CPU
		{1189DF7E-9771-49DF-975A-79D92FEBC78D}.Release|Any CPU.Build.0 = Release|Any CPU
		{77548116-147D-4F90-8D5C-1D72F1B39B1A}.Debug|Any CPU.ActiveCfg = Debug|Any CPU
		{77548116-147D-4F90-8D5C-1D72F1B39B1A}.Debug|Any CPU.Build.0 = Debug|Any CPU
		{77548116-147D-4F90-8D5C-1D72F1B39B1A}.Release|Any CPU.ActiveCfg = Release|Any CPU
		{77548116-147D-4F90-8D5C-1D72F1B39B1A}.Release|Any CPU.Build.0 = Release|Any CPU
		{5A5B6A47-0EA9-41DA-B673-BDBF99A5F74E}.Debug|Any CPU.ActiveCfg = Debug|Any CPU
		{5A5B6A47-0EA9-41DA-B673-BDBF99A5F74E}.Debug|Any CPU.Build.0 = Debug|Any CPU
		{5A5B6A47-0EA9-41DA-B673-BDBF99A5F74E}.Release|Any CPU.ActiveCfg = Release|Any CPU
		{5A5B6A47-0EA9-41DA-B673-BDBF99A5F74E}.Release|Any CPU.Build.0 = Release|Any CPU
		{CABC5BD4-C38F-4BB0-8E2C-72192EBE5DBB}.Debug|Any CPU.ActiveCfg = Debug|Any CPU
		{CABC5BD4-C38F-4BB0-8E2C-72192EBE5DBB}.Debug|Any CPU.Build.0 = Debug|Any CPU
		{CABC5BD4-C38F-4BB0-8E2C-72192EBE5DBB}.Release|Any CPU.ActiveCfg = Release|Any CPU
		{CABC5BD4-C38F-4BB0-8E2C-72192EBE5DBB}.Release|Any CPU.Build.0 = Release|Any CPU
		{1A44296C-D84B-4494-A626-344DD413B956}.Debug|Any CPU.ActiveCfg = Debug|Any CPU
		{1A44296C-D84B-4494-A626-344DD413B956}.Debug|Any CPU.Build.0 = Debug|Any CPU
		{1A44296C-D84B-4494-A626-344DD413B956}.Release|Any CPU.ActiveCfg = Release|Any CPU
		{1A44296C-D84B-4494-A626-344DD413B956}.Release|Any CPU.Build.0 = Release|Any CPU
		{48E354DF-E44F-44F2-8031-72BDE6CA5E58}.Debug|Any CPU.ActiveCfg = Debug|Any CPU
		{48E354DF-E44F-44F2-8031-72BDE6CA5E58}.Debug|Any CPU.Build.0 = Debug|Any CPU
		{48E354DF-E44F-44F2-8031-72BDE6CA5E58}.Release|Any CPU.ActiveCfg = Release|Any CPU
		{48E354DF-E44F-44F2-8031-72BDE6CA5E58}.Release|Any CPU.Build.0 = Release|Any CPU
		{36A9550B-FEF0-49F2-929B-C2C5719AABA5}.Debug|Any CPU.ActiveCfg = Debug|Any CPU
		{36A9550B-FEF0-49F2-929B-C2C5719AABA5}.Debug|Any CPU.Build.0 = Debug|Any CPU
		{36A9550B-FEF0-49F2-929B-C2C5719AABA5}.Release|Any CPU.ActiveCfg = Release|Any CPU
		{36A9550B-FEF0-49F2-929B-C2C5719AABA5}.Release|Any CPU.Build.0 = Release|Any CPU
		{DB2C14FD-4555-4A79-BAFC-50890ADB8238}.Debug|Any CPU.ActiveCfg = Debug|Any CPU
		{DB2C14FD-4555-4A79-BAFC-50890ADB8238}.Debug|Any CPU.Build.0 = Debug|Any CPU
		{DB2C14FD-4555-4A79-BAFC-50890ADB8238}.Release|Any CPU.ActiveCfg = Release|Any CPU
		{DB2C14FD-4555-4A79-BAFC-50890ADB8238}.Release|Any CPU.Build.0 = Release|Any CPU
		{7F7CE166-C4BA-4853-A162-BA52295DF855}.Debug|Any CPU.ActiveCfg = Debug|Any CPU
		{7F7CE166-C4BA-4853-A162-BA52295DF855}.Debug|Any CPU.Build.0 = Debug|Any CPU
		{7F7CE166-C4BA-4853-A162-BA52295DF855}.Release|Any CPU.ActiveCfg = Release|Any CPU
		{7F7CE166-C4BA-4853-A162-BA52295DF855}.Release|Any CPU.Build.0 = Release|Any CPU
		{24CDEE95-BAD8-4FAE-B50A-FB2D814A35E3}.Debug|Any CPU.ActiveCfg = Debug|Any CPU
		{24CDEE95-BAD8-4FAE-B50A-FB2D814A35E3}.Debug|Any CPU.Build.0 = Debug|Any CPU
		{24CDEE95-BAD8-4FAE-B50A-FB2D814A35E3}.Release|Any CPU.ActiveCfg = Release|Any CPU
		{24CDEE95-BAD8-4FAE-B50A-FB2D814A35E3}.Release|Any CPU.Build.0 = Release|Any CPU
		{EF1DEEBA-9C14-4D9B-ACC0-F96418D94FF8}.Debug|Any CPU.ActiveCfg = Debug|Any CPU
		{EF1DEEBA-9C14-4D9B-ACC0-F96418D94FF8}.Debug|Any CPU.Build.0 = Debug|Any CPU
		{EF1DEEBA-9C14-4D9B-ACC0-F96418D94FF8}.Release|Any CPU.ActiveCfg = Release|Any CPU
		{EF1DEEBA-9C14-4D9B-ACC0-F96418D94FF8}.Release|Any CPU.Build.0 = Release|Any CPU
		{AB7D8E08-4FD8-409C-8CC0-DBE883D3B67F}.Debug|Any CPU.ActiveCfg = Debug|Any CPU
		{AB7D8E08-4FD8-409C-8CC0-DBE883D3B67F}.Debug|Any CPU.Build.0 = Debug|Any CPU
		{AB7D8E08-4FD8-409C-8CC0-DBE883D3B67F}.Release|Any CPU.ActiveCfg = Release|Any CPU
		{AB7D8E08-4FD8-409C-8CC0-DBE883D3B67F}.Release|Any CPU.Build.0 = Release|Any CPU
		{F1E9E701-0E17-4D18-9D56-9B67453638FF}.Debug|Any CPU.ActiveCfg = Debug|Any CPU
		{F1E9E701-0E17-4D18-9D56-9B67453638FF}.Debug|Any CPU.Build.0 = Debug|Any CPU
		{F1E9E701-0E17-4D18-9D56-9B67453638FF}.Release|Any CPU.ActiveCfg = Release|Any CPU
		{F1E9E701-0E17-4D18-9D56-9B67453638FF}.Release|Any CPU.Build.0 = Release|Any CPU
		{D470AAA7-E8D8-4C8D-8C4F-7F1D79B930C7}.Debug|Any CPU.ActiveCfg = Debug|Any CPU
		{D470AAA7-E8D8-4C8D-8C4F-7F1D79B930C7}.Debug|Any CPU.Build.0 = Debug|Any CPU
		{D470AAA7-E8D8-4C8D-8C4F-7F1D79B930C7}.Release|Any CPU.ActiveCfg = Release|Any CPU
		{D470AAA7-E8D8-4C8D-8C4F-7F1D79B930C7}.Release|Any CPU.Build.0 = Release|Any CPU
		{D2F7550B-F767-40FC-B101-EB2493EC383E}.Debug|Any CPU.ActiveCfg = Debug|Any CPU
		{D2F7550B-F767-40FC-B101-EB2493EC383E}.Debug|Any CPU.Build.0 = Debug|Any CPU
		{D2F7550B-F767-40FC-B101-EB2493EC383E}.Release|Any CPU.ActiveCfg = Release|Any CPU
		{D2F7550B-F767-40FC-B101-EB2493EC383E}.Release|Any CPU.Build.0 = Release|Any CPU
		{99826A1D-A43C-4059-981D-BD5A1EA1B225}.Debug|Any CPU.ActiveCfg = Debug|Any CPU
		{99826A1D-A43C-4059-981D-BD5A1EA1B225}.Debug|Any CPU.Build.0 = Debug|Any CPU
		{99826A1D-A43C-4059-981D-BD5A1EA1B225}.Release|Any CPU.ActiveCfg = Release|Any CPU
		{99826A1D-A43C-4059-981D-BD5A1EA1B225}.Release|Any CPU.Build.0 = Release|Any CPU
	EndGlobalSection
	GlobalSection(NestedProjects) = preSolution
		{3D54B72D-A256-4504-90D1-64DC1DA5FB1A} = {460B56A9-B33A-483E-B581-4F501371468B}
		{77548116-147D-4F90-8D5C-1D72F1B39B1A} = {A2C2018D-1BE5-4266-86E0-9DA894AB428A}
		{5A5B6A47-0EA9-41DA-B673-BDBF99A5F74E} = {F2BD8CEA-C521-478A-A451-269AFFD242D9}
		{CABC5BD4-C38F-4BB0-8E2C-72192EBE5DBB} = {F2BD8CEA-C521-478A-A451-269AFFD242D9}
		{1A44296C-D84B-4494-A626-344DD413B956} = {704A16A2-162B-4EF9-A148-BB546DA86409}
		{48E354DF-E44F-44F2-8031-72BDE6CA5E58} = {B61D1334-0FC8-4F24-AE64-CFD0014F59C1}
		{36A9550B-FEF0-49F2-929B-C2C5719AABA5} = {B61D1334-0FC8-4F24-AE64-CFD0014F59C1}
		{DB2C14FD-4555-4A79-BAFC-50890ADB8238} = {460B56A9-B33A-483E-B581-4F501371468B}
		{7F7CE166-C4BA-4853-A162-BA52295DF855} = {460B56A9-B33A-483E-B581-4F501371468B}
		{24CDEE95-BAD8-4FAE-B50A-FB2D814A35E3} = {460B56A9-B33A-483E-B581-4F501371468B}
		{EF1DEEBA-9C14-4D9B-ACC0-F96418D94FF8} = {460B56A9-B33A-483E-B581-4F501371468B}
		{AB7D8E08-4FD8-409C-8CC0-DBE883D3B67F} = {460B56A9-B33A-483E-B581-4F501371468B}
		{F1E9E701-0E17-4D18-9D56-9B67453638FF} = {460B56A9-B33A-483E-B581-4F501371468B}
		{D470AAA7-E8D8-4C8D-8C4F-7F1D79B930C7} = {460B56A9-B33A-483E-B581-4F501371468B}
		{D2F7550B-F767-40FC-B101-EB2493EC383E} = {460B56A9-B33A-483E-B581-4F501371468B}
		{99826A1D-A43C-4059-981D-BD5A1EA1B225} = {DEAB777E-8F83-4617-9E8F-2D2AC39C2013}
	EndGlobalSection
EndGlobal
